
Microsoft Visual Studio Solution File, Format Version 12.00
# Visual Studio 2013
VisualStudioVersion = 12.0.30723.0
MinimumVisualStudioVersion = 10.0.40219.1
Project("{FAE04EC0-301F-11D3-BF4B-00C04F79EFBC}") = "Work_One", "Work_One\Work_One.csproj", "{2506A61B-F253-4E9A-B2F1-225AE615A2A4}"
EndProject
Project("{FAE04EC0-301F-11D3-BF4B-00C04F79EFBC}") = "Work_One_Two", "Work_One_Two\Work_One_Two.csproj", "{D3D925ED-485E-48C3-804E-796ED776B230}"
EndProject
Project("{FAE04EC0-301F-11D3-BF4B-00C04F79EFBC}") = "Palindrome_One", "Palindrome_One\Palindrome_One.csproj", "{D4750AE4-77A5-47ED-A297-D37B70D68FF5}"
EndProject
Project("{FAE04EC0-301F-11D3-BF4B-00C04F79EFBC}") = "Factorial", "Factorial\Factorial.csproj", "{9D0E47CF-EA2D-47AA-ADAF-8FDEAF5DE791}"
EndProject
Project("{FAE04EC0-301F-11D3-BF4B-00C04F79EFBC}") = "FactorialUsingRecursion", "FactorialUsingRecursion\FactorialUsingRecursion.csproj", "{C19F3EC2-8ECD-4160-9F63-EF501EA176C1}"
EndProject
Project("{FAE04EC0-301F-11D3-BF4B-00C04F79EFBC}") = "SumOfNterms", "SumOfNterms\SumOfNterms.csproj", "{51A21F39-2CBF-4F5D-BC2C-BACCF7835366}"
EndProject
Project("{FAE04EC0-301F-11D3-BF4B-00C04F79EFBC}") = "Fibonacci_One", "Fibonacci_One\Fibonacci_One.csproj", "{C4D4F1E2-3C1B-4841-B3EA-BE7DBD2625AC}"
EndProject
Project("{FAE04EC0-301F-11D3-BF4B-00C04F79EFBC}") = "FibonacciUsingRecursion", "FibonacciUsingRecursion\FibonacciUsingRecursion.csproj", "{404F78A2-7E82-46E1-AF48-3C3F957F2E50}"
EndProject
Project("{FAE04EC0-301F-11D3-BF4B-00C04F79EFBC}") = "LinearSearch", "LinearSearch\LinearSearch.csproj", "{308D0D18-1D23-4F25-B38E-E0819E49A6BF}"
EndProject
Project("{FAE04EC0-301F-11D3-BF4B-00C04F79EFBC}") = "BubbleSort", "BubbleSort\BubbleSort.csproj", "{613C6BD8-7421-459D-B60B-E6BC69BB768B}"
EndProject
Project("{FAE04EC0-301F-11D3-BF4B-00C04F79EFBC}") = "BinarySearch", "BinarySearch\BinarySearch.csproj", "{21B438DF-7AE1-4C94-A52D-99F3D5CC9107}"
EndProject
Project("{FAE04EC0-301F-11D3-BF4B-00C04F79EFBC}") = "MergeSort", "MergeSort\MergeSort.csproj", "{957494EF-4BDB-41E6-81AB-3ED8639228D1}"
EndProject
Project("{FAE04EC0-301F-11D3-BF4B-00C04F79EFBC}") = "StarPyramid", "StarPyramid\StarPyramid.csproj", "{57499C84-492D-4A24-B985-3BFAA88AE9E8}"
EndProject
Project("{FAE04EC0-301F-11D3-BF4B-00C04F79EFBC}") = "StarPyramidUpNDown", "StarPyramidUpNDown\StarPyramidUpNDown.csproj", "{5B091C02-4A66-413B-9702-72A7F0E659D1}"
EndProject
Project("{FAE04EC0-301F-11D3-BF4B-00C04F79EFBC}") = "SquareRoot", "SquareRoot\SquareRoot.csproj", "{FB1CC94B-8B47-4141-815D-3F0200025FE3}"
EndProject
Project("{FAE04EC0-301F-11D3-BF4B-00C04F79EFBC}") = "SquareRootUsingSqrt", "SquareRootUsingSqrt\SquareRootUsingSqrt.csproj", "{AE65E8F6-FCC7-462B-9AAC-7376C0EC1EFA}"
EndProject
Project("{FAE04EC0-301F-11D3-BF4B-00C04F79EFBC}") = "RadixSort", "RadixSort\RadixSort.csproj", "{2EDE0371-B19E-4F9C-8D9C-AF76F54743A3}"
EndProject
Global
	GlobalSection(SolutionConfigurationPlatforms) = preSolution
		Debug|Any CPU = Debug|Any CPU
		Release|Any CPU = Release|Any CPU
	EndGlobalSection
	GlobalSection(ProjectConfigurationPlatforms) = postSolution
		{2506A61B-F253-4E9A-B2F1-225AE615A2A4}.Debug|Any CPU.ActiveCfg = Debug|Any CPU
		{2506A61B-F253-4E9A-B2F1-225AE615A2A4}.Debug|Any CPU.Build.0 = Debug|Any CPU
		{2506A61B-F253-4E9A-B2F1-225AE615A2A4}.Release|Any CPU.ActiveCfg = Release|Any CPU
		{2506A61B-F253-4E9A-B2F1-225AE615A2A4}.Release|Any CPU.Build.0 = Release|Any CPU
		{D3D925ED-485E-48C3-804E-796ED776B230}.Debug|Any CPU.ActiveCfg = Debug|Any CPU
		{D3D925ED-485E-48C3-804E-796ED776B230}.Debug|Any CPU.Build.0 = Debug|Any CPU
		{D3D925ED-485E-48C3-804E-796ED776B230}.Release|Any CPU.ActiveCfg = Release|Any CPU
		{D3D925ED-485E-48C3-804E-796ED776B230}.Release|Any CPU.Build.0 = Release|Any CPU
		{D4750AE4-77A5-47ED-A297-D37B70D68FF5}.Debug|Any CPU.ActiveCfg = Debug|Any CPU
		{D4750AE4-77A5-47ED-A297-D37B70D68FF5}.Debug|Any CPU.Build.0 = Debug|Any CPU
		{D4750AE4-77A5-47ED-A297-D37B70D68FF5}.Release|Any CPU.ActiveCfg = Release|Any CPU
		{D4750AE4-77A5-47ED-A297-D37B70D68FF5}.Release|Any CPU.Build.0 = Release|Any CPU
		{9D0E47CF-EA2D-47AA-ADAF-8FDEAF5DE791}.Debug|Any CPU.ActiveCfg = Debug|Any CPU
		{9D0E47CF-EA2D-47AA-ADAF-8FDEAF5DE791}.Debug|Any CPU.Build.0 = Debug|Any CPU
		{9D0E47CF-EA2D-47AA-ADAF-8FDEAF5DE791}.Release|Any CPU.ActiveCfg = Release|Any CPU
		{9D0E47CF-EA2D-47AA-ADAF-8FDEAF5DE791}.Release|Any CPU.Build.0 = Release|Any CPU
		{C19F3EC2-8ECD-4160-9F63-EF501EA176C1}.Debug|Any CPU.ActiveCfg = Debug|Any CPU
		{C19F3EC2-8ECD-4160-9F63-EF501EA176C1}.Debug|Any CPU.Build.0 = Debug|Any CPU
		{C19F3EC2-8ECD-4160-9F63-EF501EA176C1}.Release|Any CPU.ActiveCfg = Release|Any CPU
		{C19F3EC2-8ECD-4160-9F63-EF501EA176C1}.Release|Any CPU.Build.0 = Release|Any CPU
		{51A21F39-2CBF-4F5D-BC2C-BACCF7835366}.Debug|Any CPU.ActiveCfg = Debug|Any CPU
		{51A21F39-2CBF-4F5D-BC2C-BACCF7835366}.Debug|Any CPU.Build.0 = Debug|Any CPU
		{51A21F39-2CBF-4F5D-BC2C-BACCF7835366}.Release|Any CPU.ActiveCfg = Release|Any CPU
		{51A21F39-2CBF-4F5D-BC2C-BACCF7835366}.Release|Any CPU.Build.0 = Release|Any CPU
		{C4D4F1E2-3C1B-4841-B3EA-BE7DBD2625AC}.Debug|Any CPU.ActiveCfg = Debug|Any CPU
		{C4D4F1E2-3C1B-4841-B3EA-BE7DBD2625AC}.Debug|Any CPU.Build.0 = Debug|Any CPU
		{C4D4F1E2-3C1B-4841-B3EA-BE7DBD2625AC}.Release|Any CPU.ActiveCfg = Release|Any CPU
		{C4D4F1E2-3C1B-4841-B3EA-BE7DBD2625AC}.Release|Any CPU.Build.0 = Release|Any CPU
		{404F78A2-7E82-46E1-AF48-3C3F957F2E50}.Debug|Any CPU.ActiveCfg = Debug|Any CPU
		{404F78A2-7E82-46E1-AF48-3C3F957F2E50}.Debug|Any CPU.Build.0 = Debug|Any CPU
		{404F78A2-7E82-46E1-AF48-3C3F957F2E50}.Release|Any CPU.ActiveCfg = Release|Any CPU
		{404F78A2-7E82-46E1-AF48-3C3F957F2E50}.Release|Any CPU.Build.0 = Release|Any CPU
		{308D0D18-1D23-4F25-B38E-E0819E49A6BF}.Debug|Any CPU.ActiveCfg = Debug|Any CPU
		{308D0D18-1D23-4F25-B38E-E0819E49A6BF}.Debug|Any CPU.Build.0 = Debug|Any CPU
		{308D0D18-1D23-4F25-B38E-E0819E49A6BF}.Release|Any CPU.ActiveCfg = Release|Any CPU
		{308D0D18-1D23-4F25-B38E-E0819E49A6BF}.Release|Any CPU.Build.0 = Release|Any CPU
		{613C6BD8-7421-459D-B60B-E6BC69BB768B}.Debug|Any CPU.ActiveCfg = Debug|Any CPU
		{613C6BD8-7421-459D-B60B-E6BC69BB768B}.Debug|Any CPU.Build.0 = Debug|Any CPU
		{613C6BD8-7421-459D-B60B-E6BC69BB768B}.Release|Any CPU.ActiveCfg = Release|Any CPU
		{613C6BD8-7421-459D-B60B-E6BC69BB768B}.Release|Any CPU.Build.0 = Release|Any CPU
		{21B438DF-7AE1-4C94-A52D-99F3D5CC9107}.Debug|Any CPU.ActiveCfg = Debug|Any CPU
		{21B438DF-7AE1-4C94-A52D-99F3D5CC9107}.Debug|Any CPU.Build.0 = Debug|Any CPU
		{21B438DF-7AE1-4C94-A52D-99F3D5CC9107}.Release|Any CPU.ActiveCfg = Release|Any CPU
		{21B438DF-7AE1-4C94-A52D-99F3D5CC9107}.Release|Any CPU.Build.0 = Release|Any CPU
		{957494EF-4BDB-41E6-81AB-3ED8639228D1}.Debug|Any CPU.ActiveCfg = Debug|Any CPU
		{957494EF-4BDB-41E6-81AB-3ED8639228D1}.Debug|Any CPU.Build.0 = Debug|Any CPU
		{957494EF-4BDB-41E6-81AB-3ED8639228D1}.Release|Any CPU.ActiveCfg = Release|Any CPU
		{957494EF-4BDB-41E6-81AB-3ED8639228D1}.Release|Any CPU.Build.0 = Release|Any CPU
		{57499C84-492D-4A24-B985-3BFAA88AE9E8}.Debug|Any CPU.ActiveCfg = Debug|Any CPU
		{57499C84-492D-4A24-B985-3BFAA88AE9E8}.Debug|Any CPU.Build.0 = Debug|Any CPU
		{57499C84-492D-4A24-B985-3BFAA88AE9E8}.Release|Any CPU.ActiveCfg = Release|Any CPU
		{57499C84-492D-4A24-B985-3BFAA88AE9E8}.Release|Any CPU.Build.0 = Release|Any CPU
		{5B091C02-4A66-413B-9702-72A7F0E659D1}.Debug|Any CPU.ActiveCfg = Debug|Any CPU
		{5B091C02-4A66-413B-9702-72A7F0E659D1}.Debug|Any CPU.Build.0 = Debug|Any CPU
		{5B091C02-4A66-413B-9702-72A7F0E659D1}.Release|Any CPU.ActiveCfg = Release|Any CPU
		{5B091C02-4A66-413B-9702-72A7F0E659D1}.Release|Any CPU.Build.0 = Release|Any CPU
		{FB1CC94B-8B47-4141-815D-3F0200025FE3}.Debug|Any CPU.ActiveCfg = Debug|Any CPU
		{FB1CC94B-8B47-4141-815D-3F0200025FE3}.Debug|Any CPU.Build.0 = Debug|Any CPU
		{FB1CC94B-8B47-4141-815D-3F0200025FE3}.Release|Any CPU.ActiveCfg = Release|Any CPU
		{FB1CC94B-8B47-4141-815D-3F0200025FE3}.Release|Any CPU.Build.0 = Release|Any CPU
		{AE65E8F6-FCC7-462B-9AAC-7376C0EC1EFA}.Debug|Any CPU.ActiveCfg = Debug|Any CPU
		{AE65E8F6-FCC7-462B-9AAC-7376C0EC1EFA}.Debug|Any CPU.Build.0 = Debug|Any CPU
		{AE65E8F6-FCC7-462B-9AAC-7376C0EC1EFA}.Release|Any CPU.ActiveCfg = Release|Any CPU
		{AE65E8F6-FCC7-462B-9AAC-7376C0EC1EFA}.Release|Any CPU.Build.0 = Release|Any CPU
		{2EDE0371-B19E-4F9C-8D9C-AF76F54743A3}.Debug|Any CPU.ActiveCfg = Debug|Any CPU
		{2EDE0371-B19E-4F9C-8D9C-AF76F54743A3}.Debug|Any CPU.Build.0 = Debug|Any CPU
		{2EDE0371-B19E-4F9C-8D9C-AF76F54743A3}.Release|Any CPU.ActiveCfg = Release|Any CPU
		{2EDE0371-B19E-4F9C-8D9C-AF76F54743A3}.Release|Any CPU.Build.0 = Release|Any CPU
	EndGlobalSection
	GlobalSection(SolutionProperties) = preSolution
		HideSolutionNode = FALSE
	EndGlobalSection
EndGlobal
